
Microsoft Visual Studio Solution File, Format Version 12.00
# Visual Studio 15
VisualStudioVersion = 15.0.28307.1340
MinimumVisualStudioVersion = 10.0.40219.1
Project("{9A19103F-16F7-4668-BE54-9A1E7A4F7556}") = "CodeTestProject", "CodeTestProject\CodeTestProject.csproj", "{BAC1A5DE-36FA-4867-8CFB-2E8BA7A93C42}"
EndProject
Global
	GlobalSection(SolutionConfigurationPlatforms) = preSolution
		Debug|Any CPU = Debug|Any CPU
		Release|Any CPU = Release|Any CPU
	EndGlobalSection
	GlobalSection(ProjectConfigurationPlatforms) = postSolution
		{BAC1A5DE-36FA-4867-8CFB-2E8BA7A93C42}.Debug|Any CPU.ActiveCfg = Debug|Any CPU
		{BAC1A5DE-36FA-4867-8CFB-2E8BA7A93C42}.Debug|Any CPU.Build.0 = Debug|Any CPU
		{BAC1A5DE-36FA-4867-8CFB-2E8BA7A93C42}.Release|Any CPU.ActiveCfg = Release|Any CPU
		{BAC1A5DE-36FA-4867-8CFB-2E8BA7A93C42}.Release|Any CPU.Build.0 = Release|Any CPU
	EndGlobalSection
	GlobalSection(SolutionProperties) = preSolution
		HideSolutionNode = FALSE
	EndGlobalSection
	GlobalSection(ExtensibilityGlobals) = postSolution
		SolutionGuid = {6C76A2BC-C757-456C-A271-907CB07F60DA}
	EndGlobalSection
EndGlobal
